
Microsoft Visual Studio Solution File, Format Version 12.00
# Visual Studio Version 17
VisualStudioVersion = 17.9.34701.34
MinimumVisualStudioVersion = 10.0.40219.1
Project("{9A19103F-16F7-4668-BE54-9A1E7A4F7556}") = "Model", "src\Model\Model.csproj", "{3177E76B-F263-43AB-8657-633DA611ED6B}"
EndProject
Project("{9A19103F-16F7-4668-BE54-9A1E7A4F7556}") = "Repository", "src\Repository\Repository.csproj", "{7697C0E5-7ABE-42DC-9B1B-A9A8753BE1C5}"
EndProject
Project("{FAE04EC0-301F-11D3-BF4B-00C04F79EFBC}") = "API", "src\API\API.csproj", "{D06B2CB1-C9AD-4A67-A8D7-62B4B85AC14D}"
EndProject
Global
	GlobalSection(SolutionConfigurationPlatforms) = preSolution
		Debug|Any CPU = Debug|Any CPU
		Release|Any CPU = Release|Any CPU
	EndGlobalSection
	GlobalSection(ProjectConfigurationPlatforms) = postSolution
		{3177E76B-F263-43AB-8657-633DA611ED6B}.Debug|Any CPU.ActiveCfg = Debug|Any CPU
		{3177E76B-F263-43AB-8657-633DA611ED6B}.Debug|Any CPU.Build.0 = Debug|Any CPU
		{3177E76B-F263-43AB-8657-633DA611ED6B}.Release|Any CPU.ActiveCfg = Release|Any CPU
		{3177E76B-F263-43AB-8657-633DA611ED6B}.Release|Any CPU.Build.0 = Release|Any CPU
		{7697C0E5-7ABE-42DC-9B1B-A9A8753BE1C5}.Debug|Any CPU.ActiveCfg = Debug|Any CPU
		{7697C0E5-7ABE-42DC-9B1B-A9A8753BE1C5}.Debug|Any CPU.Build.0 = Debug|Any CPU
		{7697C0E5-7ABE-42DC-9B1B-A9A8753BE1C5}.Release|Any CPU.ActiveCfg = Release|Any CPU
		{7697C0E5-7ABE-42DC-9B1B-A9A8753BE1C5}.Release|Any CPU.Build.0 = Release|Any CPU
		{D06B2CB1-C9AD-4A67-A8D7-62B4B85AC14D}.Debug|Any CPU.ActiveCfg = Debug|Any CPU
		{D06B2CB1-C9AD-4A67-A8D7-62B4B85AC14D}.Debug|Any CPU.Build.0 = Debug|Any CPU
		{D06B2CB1-C9AD-4A67-A8D7-62B4B85AC14D}.Release|Any CPU.ActiveCfg = Release|Any CPU
		{D06B2CB1-C9AD-4A67-A8D7-62B4B85AC14D}.Release|Any CPU.Build.0 = Release|Any CPU
	EndGlobalSection
	GlobalSection(SolutionProperties) = preSolution
		HideSolutionNode = FALSE
	EndGlobalSection
	GlobalSection(ExtensibilityGlobals) = postSolution
		SolutionGuid = {1C5CAB43-98B6-4CF5-8110-387EE74A8614}
	EndGlobalSection
EndGlobal
